// !$*UTF8*$!
{
	archiveVersion = 1;
	classes = {
	};
	objectVersion = 56;
	objects = {

/* Begin PBXBuildFile section */
		D11D80552C65947300EB8680 /* ViewModelType.swift in Sources */ = {isa = PBXBuildFile; fileRef = D11D80542C65947300EB8680 /* ViewModelType.swift */; };
		D11D80572C659DEA00EB8680 /* SearchDetailViewController.swift in Sources */ = {isa = PBXBuildFile; fileRef = D11D80562C659DEA00EB8680 /* SearchDetailViewController.swift */; };
		D11D80592C65B06000EB8680 /* SearchDetailViewModel.swift in Sources */ = {isa = PBXBuildFile; fileRef = D11D80582C65B06000EB8680 /* SearchDetailViewModel.swift */; };
		D11D805B2C65D29400EB8680 /* ScreenshotCollectionViewCell.swift in Sources */ = {isa = PBXBuildFile; fileRef = D11D805A2C65D29400EB8680 /* ScreenshotCollectionViewCell.swift */; };
		D11D805D2C65D2A800EB8680 /* BaseCollectionViewCell.swift in Sources */ = {isa = PBXBuildFile; fileRef = D11D805C2C65D2A800EB8680 /* BaseCollectionViewCell.swift */; };
		D11D805F2C65E5A500EB8680 /* UserDefaultsManager.swift in Sources */ = {isa = PBXBuildFile; fileRef = D11D805E2C65E5A500EB8680 /* UserDefaultsManager.swift */; };
		D11D80632C65E63200EB8680 /* UserDefaults.swift in Sources */ = {isa = PBXBuildFile; fileRef = D11D80622C65E63200EB8680 /* UserDefaults.swift */; };
		D11D80652C65E9EA00EB8680 /* SearchListCollectionViewCell.swift in Sources */ = {isa = PBXBuildFile; fileRef = D11D80642C65E9EA00EB8680 /* SearchListCollectionViewCell.swift */; };
		D11D80682C65F5AD00EB8680 /* SavedSoftware.swift in Sources */ = {isa = PBXBuildFile; fileRef = D11D80672C65F5AD00EB8680 /* SavedSoftware.swift */; };
		D11D806A2C65F91700EB8680 /* SavedSoftwareRepository.swift in Sources */ = {isa = PBXBuildFile; fileRef = D11D80692C65F91700EB8680 /* SavedSoftwareRepository.swift */; };
		D11D806C2C65FE2F00EB8680 /* SavedSoftwareViewController.swift in Sources */ = {isa = PBXBuildFile; fileRef = D11D806B2C65FE2F00EB8680 /* SavedSoftwareViewController.swift */; };
		D11D806E2C65FE8D00EB8680 /* SavedSoftwareTableViewCell.swift in Sources */ = {isa = PBXBuildFile; fileRef = D11D806D2C65FE8D00EB8680 /* SavedSoftwareTableViewCell.swift */; };
		D11D80702C66018C00EB8680 /* SavedSoftwareViewModel.swift in Sources */ = {isa = PBXBuildFile; fileRef = D11D806F2C66018C00EB8680 /* SavedSoftwareViewModel.swift */; };
		D16D8D4C2C6485AC00AF7677 /* AppDelegate.swift in Sources */ = {isa = PBXBuildFile; fileRef = D16D8D4B2C6485AC00AF7677 /* AppDelegate.swift */; };
		D16D8D4E2C6485AC00AF7677 /* SceneDelegate.swift in Sources */ = {isa = PBXBuildFile; fileRef = D16D8D4D2C6485AC00AF7677 /* SceneDelegate.swift */; };
		D16D8D502C6485AC00AF7677 /* SearchViewController.swift in Sources */ = {isa = PBXBuildFile; fileRef = D16D8D4F2C6485AC00AF7677 /* SearchViewController.swift */; };
		D16D8D552C6485AD00AF7677 /* Assets.xcassets in Resources */ = {isa = PBXBuildFile; fileRef = D16D8D542C6485AD00AF7677 /* Assets.xcassets */; };
		D16D8D582C6485AD00AF7677 /* Base in Resources */ = {isa = PBXBuildFile; fileRef = D16D8D572C6485AD00AF7677 /* Base */; };
		D16D8D612C648FED00AF7677 /* RxCocoa in Frameworks */ = {isa = PBXBuildFile; productRef = D16D8D602C648FED00AF7677 /* RxCocoa */; };
		D16D8D632C648FED00AF7677 /* RxSwift in Frameworks */ = {isa = PBXBuildFile; productRef = D16D8D622C648FED00AF7677 /* RxSwift */; };
		D16D8D662C648FF700AF7677 /* SnapKit in Frameworks */ = {isa = PBXBuildFile; productRef = D16D8D652C648FF700AF7677 /* SnapKit */; };
		D16D8D692C64908100AF7677 /* Kingfisher in Frameworks */ = {isa = PBXBuildFile; productRef = D16D8D682C64908100AF7677 /* Kingfisher */; };
		D16D8D6C2C6490AE00AF7677 /* RealmSwift in Frameworks */ = {isa = PBXBuildFile; productRef = D16D8D6B2C6490AE00AF7677 /* RealmSwift */; };
		D16D8D6F2C6491AD00AF7677 /* BaseViewController.swift in Sources */ = {isa = PBXBuildFile; fileRef = D16D8D6E2C6491AD00AF7677 /* BaseViewController.swift */; };
		D16D8D722C6491F800AF7677 /* ReuseIdentifier.swift in Sources */ = {isa = PBXBuildFile; fileRef = D16D8D712C6491F800AF7677 /* ReuseIdentifier.swift */; };
		D16D8D752C64975E00AF7677 /* TabBarController.swift in Sources */ = {isa = PBXBuildFile; fileRef = D16D8D742C64975E00AF7677 /* TabBarController.swift */; };
		D16D8D782C64995F00AF7677 /* SearchTableViewCell.swift in Sources */ = {isa = PBXBuildFile; fileRef = D16D8D772C64995F00AF7677 /* SearchTableViewCell.swift */; };
		D16D8D7A2C64996B00AF7677 /* BaseTableViewCell.swift in Sources */ = {isa = PBXBuildFile; fileRef = D16D8D792C64996B00AF7677 /* BaseTableViewCell.swift */; };
		D16D8D7E2C649C7D00AF7677 /* Extension+UIView.swift in Sources */ = {isa = PBXBuildFile; fileRef = D16D8D7D2C649C7D00AF7677 /* Extension+UIView.swift */; };
		D16D8D812C64A1FB00AF7677 /* SecondaryLabel.swift in Sources */ = {isa = PBXBuildFile; fileRef = D16D8D802C64A1FB00AF7677 /* SecondaryLabel.swift */; };
		D16D8D832C64AA9D00AF7677 /* ScreenShotImageView.swift in Sources */ = {isa = PBXBuildFile; fileRef = D16D8D822C64AA9D00AF7677 /* ScreenShotImageView.swift */; };
		D16D8D862C64AE1200AF7677 /* Software.swift in Sources */ = {isa = PBXBuildFile; fileRef = D16D8D852C64AE1200AF7677 /* Software.swift */; };
		D16D8D882C64B31800AF7677 /* NetworkManager.swift in Sources */ = {isa = PBXBuildFile; fileRef = D16D8D872C64B31800AF7677 /* NetworkManager.swift */; };
		D16D8D8A2C64B35400AF7677 /* APIError.swift in Sources */ = {isa = PBXBuildFile; fileRef = D16D8D892C64B35400AF7677 /* APIError.swift */; };
		D16D8D8D2C64B60400AF7677 /* SearchViewModel.swift in Sources */ = {isa = PBXBuildFile; fileRef = D16D8D8C2C64B60400AF7677 /* SearchViewModel.swift */; };
/* End PBXBuildFile section */

/* Begin PBXFileReference section */
		D11D80542C65947300EB8680 /* ViewModelType.swift */ = {isa = PBXFileReference; lastKnownFileType = sourcecode.swift; path = ViewModelType.swift; sourceTree = "<group>"; };
		D11D80562C659DEA00EB8680 /* SearchDetailViewController.swift */ = {isa = PBXFileReference; lastKnownFileType = sourcecode.swift; path = SearchDetailViewController.swift; sourceTree = "<group>"; };
		D11D80582C65B06000EB8680 /* SearchDetailViewModel.swift */ = {isa = PBXFileReference; lastKnownFileType = sourcecode.swift; path = SearchDetailViewModel.swift; sourceTree = "<group>"; };
		D11D805A2C65D29400EB8680 /* ScreenshotCollectionViewCell.swift */ = {isa = PBXFileReference; lastKnownFileType = sourcecode.swift; path = ScreenshotCollectionViewCell.swift; sourceTree = "<group>"; };
		D11D805C2C65D2A800EB8680 /* BaseCollectionViewCell.swift */ = {isa = PBXFileReference; lastKnownFileType = sourcecode.swift; path = BaseCollectionViewCell.swift; sourceTree = "<group>"; };
		D11D805E2C65E5A500EB8680 /* UserDefaultsManager.swift */ = {isa = PBXFileReference; lastKnownFileType = sourcecode.swift; path = UserDefaultsManager.swift; sourceTree = "<group>"; };
		D11D80622C65E63200EB8680 /* UserDefaults.swift */ = {isa = PBXFileReference; lastKnownFileType = sourcecode.swift; path = UserDefaults.swift; sourceTree = "<group>"; };
		D11D80642C65E9EA00EB8680 /* SearchListCollectionViewCell.swift */ = {isa = PBXFileReference; lastKnownFileType = sourcecode.swift; path = SearchListCollectionViewCell.swift; sourceTree = "<group>"; };
		D11D80672C65F5AD00EB8680 /* SavedSoftware.swift */ = {isa = PBXFileReference; lastKnownFileType = sourcecode.swift; path = SavedSoftware.swift; sourceTree = "<group>"; };
		D11D80692C65F91700EB8680 /* SavedSoftwareRepository.swift */ = {isa = PBXFileReference; lastKnownFileType = sourcecode.swift; path = SavedSoftwareRepository.swift; sourceTree = "<group>"; };
		D11D806B2C65FE2F00EB8680 /* SavedSoftwareViewController.swift */ = {isa = PBXFileReference; lastKnownFileType = sourcecode.swift; path = SavedSoftwareViewController.swift; sourceTree = "<group>"; };
		D11D806D2C65FE8D00EB8680 /* SavedSoftwareTableViewCell.swift */ = {isa = PBXFileReference; lastKnownFileType = sourcecode.swift; path = SavedSoftwareTableViewCell.swift; sourceTree = "<group>"; };
		D11D806F2C66018C00EB8680 /* SavedSoftwareViewModel.swift */ = {isa = PBXFileReference; lastKnownFileType = sourcecode.swift; path = SavedSoftwareViewModel.swift; sourceTree = "<group>"; };
		D16D8D482C6485AC00AF7677 /* iTunesSearch.app */ = {isa = PBXFileReference; explicitFileType = wrapper.application; includeInIndex = 0; path = iTunesSearch.app; sourceTree = BUILT_PRODUCTS_DIR; };
		D16D8D4B2C6485AC00AF7677 /* AppDelegate.swift */ = {isa = PBXFileReference; lastKnownFileType = sourcecode.swift; path = AppDelegate.swift; sourceTree = "<group>"; };
		D16D8D4D2C6485AC00AF7677 /* SceneDelegate.swift */ = {isa = PBXFileReference; lastKnownFileType = sourcecode.swift; path = SceneDelegate.swift; sourceTree = "<group>"; };
		D16D8D4F2C6485AC00AF7677 /* SearchViewController.swift */ = {isa = PBXFileReference; lastKnownFileType = sourcecode.swift; path = SearchViewController.swift; sourceTree = "<group>"; };
		D16D8D542C6485AD00AF7677 /* Assets.xcassets */ = {isa = PBXFileReference; lastKnownFileType = folder.assetcatalog; path = Assets.xcassets; sourceTree = "<group>"; };
		D16D8D572C6485AD00AF7677 /* Base */ = {isa = PBXFileReference; lastKnownFileType = file.storyboard; name = Base; path = Base.lproj/LaunchScreen.storyboard; sourceTree = "<group>"; };
		D16D8D592C6485AD00AF7677 /* Info.plist */ = {isa = PBXFileReference; lastKnownFileType = text.plist.xml; path = Info.plist; sourceTree = "<group>"; };
		D16D8D6E2C6491AD00AF7677 /* BaseViewController.swift */ = {isa = PBXFileReference; lastKnownFileType = sourcecode.swift; path = BaseViewController.swift; sourceTree = "<group>"; };
		D16D8D712C6491F800AF7677 /* ReuseIdentifier.swift */ = {isa = PBXFileReference; lastKnownFileType = sourcecode.swift; path = ReuseIdentifier.swift; sourceTree = "<group>"; };
		D16D8D742C64975E00AF7677 /* TabBarController.swift */ = {isa = PBXFileReference; lastKnownFileType = sourcecode.swift; path = TabBarController.swift; sourceTree = "<group>"; };
		D16D8D772C64995F00AF7677 /* SearchTableViewCell.swift */ = {isa = PBXFileReference; lastKnownFileType = sourcecode.swift; path = SearchTableViewCell.swift; sourceTree = "<group>"; };
		D16D8D792C64996B00AF7677 /* BaseTableViewCell.swift */ = {isa = PBXFileReference; lastKnownFileType = sourcecode.swift; path = BaseTableViewCell.swift; sourceTree = "<group>"; };
		D16D8D7D2C649C7D00AF7677 /* Extension+UIView.swift */ = {isa = PBXFileReference; lastKnownFileType = sourcecode.swift; path = "Extension+UIView.swift"; sourceTree = "<group>"; };
		D16D8D802C64A1FB00AF7677 /* SecondaryLabel.swift */ = {isa = PBXFileReference; lastKnownFileType = sourcecode.swift; path = SecondaryLabel.swift; sourceTree = "<group>"; };
		D16D8D822C64AA9D00AF7677 /* ScreenShotImageView.swift */ = {isa = PBXFileReference; lastKnownFileType = sourcecode.swift; path = ScreenShotImageView.swift; sourceTree = "<group>"; };
		D16D8D852C64AE1200AF7677 /* Software.swift */ = {isa = PBXFileReference; lastKnownFileType = sourcecode.swift; path = Software.swift; sourceTree = "<group>"; };
		D16D8D872C64B31800AF7677 /* NetworkManager.swift */ = {isa = PBXFileReference; lastKnownFileType = sourcecode.swift; path = NetworkManager.swift; sourceTree = "<group>"; };
		D16D8D892C64B35400AF7677 /* APIError.swift */ = {isa = PBXFileReference; lastKnownFileType = sourcecode.swift; path = APIError.swift; sourceTree = "<group>"; };
		D16D8D8C2C64B60400AF7677 /* SearchViewModel.swift */ = {isa = PBXFileReference; lastKnownFileType = sourcecode.swift; path = SearchViewModel.swift; sourceTree = "<group>"; };
/* End PBXFileReference section */

/* Begin PBXFrameworksBuildPhase section */
		D16D8D452C6485AC00AF7677 /* Frameworks */ = {
			isa = PBXFrameworksBuildPhase;
			buildActionMask = 2147483647;
			files = (
				D16D8D692C64908100AF7677 /* Kingfisher in Frameworks */,
				D16D8D662C648FF700AF7677 /* SnapKit in Frameworks */,
				D16D8D632C648FED00AF7677 /* RxSwift in Frameworks */,
				D16D8D6C2C6490AE00AF7677 /* RealmSwift in Frameworks */,
				D16D8D612C648FED00AF7677 /* RxCocoa in Frameworks */,
			);
			runOnlyForDeploymentPostprocessing = 0;
		};
/* End PBXFrameworksBuildPhase section */

/* Begin PBXGroup section */
		D11D80532C65945D00EB8680 /* Protocol */ = {
			isa = PBXGroup;
			children = (
				D16D8D712C6491F800AF7677 /* ReuseIdentifier.swift */,
				D11D80542C65947300EB8680 /* ViewModelType.swift */,
			);
			path = Protocol;
			sourceTree = "<group>";
		};
		D11D80602C65E5EF00EB8680 /* Network */ = {
			isa = PBXGroup;
			children = (
				D16D8D872C64B31800AF7677 /* NetworkManager.swift */,
				D16D8D892C64B35400AF7677 /* APIError.swift */,
			);
			path = Network;
			sourceTree = "<group>";
		};
		D11D80612C65E5F700EB8680 /* UserDefaults */ = {
			isa = PBXGroup;
			children = (
				D11D805E2C65E5A500EB8680 /* UserDefaultsManager.swift */,
				D11D80622C65E63200EB8680 /* UserDefaults.swift */,
			);
			path = UserDefaults;
			sourceTree = "<group>";
		};
		D11D80662C65F5A300EB8680 /* Realm */ = {
			isa = PBXGroup;
			children = (
				D11D80672C65F5AD00EB8680 /* SavedSoftware.swift */,
				D11D80692C65F91700EB8680 /* SavedSoftwareRepository.swift */,
			);
			path = Realm;
			sourceTree = "<group>";
		};
		D16D8D3F2C6485AC00AF7677 = {
			isa = PBXGroup;
			children = (
				D16D8D4A2C6485AC00AF7677 /* iTunes */,
				D16D8D492C6485AC00AF7677 /* Products */,
			);
			sourceTree = "<group>";
		};
		D16D8D492C6485AC00AF7677 /* Products */ = {
			isa = PBXGroup;
			children = (
				D16D8D482C6485AC00AF7677 /* iTunesSearch.app */,
			);
			name = Products;
			sourceTree = "<group>";
		};
		D16D8D4A2C6485AC00AF7677 /* iTunes */ = {
			isa = PBXGroup;
			children = (
				D11D80532C65945D00EB8680 /* Protocol */,
				D16D8D8B2C64B5FC00AF7677 /* ViewModel */,
				D16D8D842C64ADFD00AF7677 /* Model */,
				D16D8D732C64974500AF7677 /* View */,
				D16D8D702C6491EA00AF7677 /* Extension */,
				D16D8D6D2C64919C00AF7677 /* Base */,
				D16D8D4B2C6485AC00AF7677 /* AppDelegate.swift */,
				D16D8D4D2C6485AC00AF7677 /* SceneDelegate.swift */,
				D16D8D542C6485AD00AF7677 /* Assets.xcassets */,
				D16D8D562C6485AD00AF7677 /* LaunchScreen.storyboard */,
				D16D8D592C6485AD00AF7677 /* Info.plist */,
			);
			path = iTunes;
			sourceTree = "<group>";
		};
		D16D8D6D2C64919C00AF7677 /* Base */ = {
			isa = PBXGroup;
			children = (
				D16D8D6E2C6491AD00AF7677 /* BaseViewController.swift */,
				D16D8D792C64996B00AF7677 /* BaseTableViewCell.swift */,
				D11D805C2C65D2A800EB8680 /* BaseCollectionViewCell.swift */,
			);
			path = Base;
			sourceTree = "<group>";
		};
		D16D8D702C6491EA00AF7677 /* Extension */ = {
			isa = PBXGroup;
			children = (
				D16D8D7D2C649C7D00AF7677 /* Extension+UIView.swift */,
			);
			path = Extension;
			sourceTree = "<group>";
		};
		D16D8D732C64974500AF7677 /* View */ = {
			isa = PBXGroup;
			children = (
				D16D8D7F2C64A1CE00AF7677 /* Custom */,
				D16D8D762C64995800AF7677 /* Cell */,
				D16D8D742C64975E00AF7677 /* TabBarController.swift */,
				D16D8D4F2C6485AC00AF7677 /* SearchViewController.swift */,
				D11D80562C659DEA00EB8680 /* SearchDetailViewController.swift */,
				D11D806B2C65FE2F00EB8680 /* SavedSoftwareViewController.swift */,
			);
			path = View;
			sourceTree = "<group>";
		};
		D16D8D762C64995800AF7677 /* Cell */ = {
			isa = PBXGroup;
			children = (
				D16D8D772C64995F00AF7677 /* SearchTableViewCell.swift */,
				D11D805A2C65D29400EB8680 /* ScreenshotCollectionViewCell.swift */,
				D11D80642C65E9EA00EB8680 /* SearchListCollectionViewCell.swift */,
				D11D806D2C65FE8D00EB8680 /* SavedSoftwareTableViewCell.swift */,
			);
			path = Cell;
			sourceTree = "<group>";
		};
		D16D8D7F2C64A1CE00AF7677 /* Custom */ = {
			isa = PBXGroup;
			children = (
				D16D8D802C64A1FB00AF7677 /* SecondaryLabel.swift */,
				D16D8D822C64AA9D00AF7677 /* ScreenShotImageView.swift */,
			);
			path = Custom;
			sourceTree = "<group>";
		};
		D16D8D842C64ADFD00AF7677 /* Model */ = {
			isa = PBXGroup;
			children = (
				D11D80662C65F5A300EB8680 /* Realm */,
				D11D80612C65E5F700EB8680 /* UserDefaults */,
				D11D80602C65E5EF00EB8680 /* Network */,
				D16D8D852C64AE1200AF7677 /* Software.swift */,
			);
			path = Model;
			sourceTree = "<group>";
		};
		D16D8D8B2C64B5FC00AF7677 /* ViewModel */ = {
			isa = PBXGroup;
			children = (
				D16D8D8C2C64B60400AF7677 /* SearchViewModel.swift */,
				D11D80582C65B06000EB8680 /* SearchDetailViewModel.swift */,
				D11D806F2C66018C00EB8680 /* SavedSoftwareViewModel.swift */,
			);
			path = ViewModel;
			sourceTree = "<group>";
		};
/* End PBXGroup section */

/* Begin PBXNativeTarget section */
		D16D8D472C6485AC00AF7677 /* iTunesSearch */ = {
			isa = PBXNativeTarget;
			buildConfigurationList = D16D8D5C2C6485AD00AF7677 /* Build configuration list for PBXNativeTarget "iTunesSearch" */;
			buildPhases = (
				D16D8D442C6485AC00AF7677 /* Sources */,
				D16D8D452C6485AC00AF7677 /* Frameworks */,
				D16D8D462C6485AC00AF7677 /* Resources */,
			);
			buildRules = (
			);
			dependencies = (
			);
			name = iTunesSearch;
			packageProductDependencies = (
				D16D8D602C648FED00AF7677 /* RxCocoa */,
				D16D8D622C648FED00AF7677 /* RxSwift */,
				D16D8D652C648FF700AF7677 /* SnapKit */,
				D16D8D682C64908100AF7677 /* Kingfisher */,
				D16D8D6B2C6490AE00AF7677 /* RealmSwift */,
			);
			productName = iTunes;
			productReference = D16D8D482C6485AC00AF7677 /* iTunesSearch.app */;
			productType = "com.apple.product-type.application";
		};
/* End PBXNativeTarget section */

/* Begin PBXProject section */
		D16D8D402C6485AC00AF7677 /* Project object */ = {
			isa = PBXProject;
			attributes = {
				BuildIndependentTargetsInParallel = 1;
				LastSwiftUpdateCheck = 1540;
				LastUpgradeCheck = 1540;
				TargetAttributes = {
					D16D8D472C6485AC00AF7677 = {
						CreatedOnToolsVersion = 15.4;
					};
				};
			};
			buildConfigurationList = D16D8D432C6485AC00AF7677 /* Build configuration list for PBXProject "iTunes" */;
			compatibilityVersion = "Xcode 14.0";
			developmentRegion = en;
			hasScannedForEncodings = 0;
			knownRegions = (
				en,
				Base,
			);
			mainGroup = D16D8D3F2C6485AC00AF7677;
			packageReferences = (
				D16D8D5F2C648FED00AF7677 /* XCRemoteSwiftPackageReference "RxSwift" */,
				D16D8D642C648FF700AF7677 /* XCRemoteSwiftPackageReference "SnapKit" */,
				D16D8D672C64908100AF7677 /* XCRemoteSwiftPackageReference "Kingfisher" */,
				D16D8D6A2C6490AE00AF7677 /* XCRemoteSwiftPackageReference "realm-swift" */,
			);
			productRefGroup = D16D8D492C6485AC00AF7677 /* Products */;
			projectDirPath = "";
			projectRoot = "";
			targets = (
				D16D8D472C6485AC00AF7677 /* iTunesSearch */,
			);
		};
/* End PBXProject section */

/* Begin PBXResourcesBuildPhase section */
		D16D8D462C6485AC00AF7677 /* Resources */ = {
			isa = PBXResourcesBuildPhase;
			buildActionMask = 2147483647;
			files = (
				D16D8D552C6485AD00AF7677 /* Assets.xcassets in Resources */,
				D16D8D582C6485AD00AF7677 /* Base in Resources */,
			);
			runOnlyForDeploymentPostprocessing = 0;
		};
/* End PBXResourcesBuildPhase section */

/* Begin PBXSourcesBuildPhase section */
		D16D8D442C6485AC00AF7677 /* Sources */ = {
			isa = PBXSourcesBuildPhase;
			buildActionMask = 2147483647;
			files = (
				D16D8D862C64AE1200AF7677 /* Software.swift in Sources */,
				D11D806A2C65F91700EB8680 /* SavedSoftwareRepository.swift in Sources */,
				D11D80572C659DEA00EB8680 /* SearchDetailViewController.swift in Sources */,
				D11D805B2C65D29400EB8680 /* ScreenshotCollectionViewCell.swift in Sources */,
				D16D8D7A2C64996B00AF7677 /* BaseTableViewCell.swift in Sources */,
				D11D80592C65B06000EB8680 /* SearchDetailViewModel.swift in Sources */,
				D11D805D2C65D2A800EB8680 /* BaseCollectionViewCell.swift in Sources */,
				D16D8D832C64AA9D00AF7677 /* ScreenShotImageView.swift in Sources */,
				D16D8D882C64B31800AF7677 /* NetworkManager.swift in Sources */,
				D16D8D502C6485AC00AF7677 /* SearchViewController.swift in Sources */,
				D16D8D6F2C6491AD00AF7677 /* BaseViewController.swift in Sources */,
				D16D8D8D2C64B60400AF7677 /* SearchViewModel.swift in Sources */,
				D11D806E2C65FE8D00EB8680 /* SavedSoftwareTableViewCell.swift in Sources */,
				D16D8D4C2C6485AC00AF7677 /* AppDelegate.swift in Sources */,
				D16D8D752C64975E00AF7677 /* TabBarController.swift in Sources */,
				D11D80682C65F5AD00EB8680 /* SavedSoftware.swift in Sources */,
				D16D8D722C6491F800AF7677 /* ReuseIdentifier.swift in Sources */,
				D11D80632C65E63200EB8680 /* UserDefaults.swift in Sources */,
				D16D8D4E2C6485AC00AF7677 /* SceneDelegate.swift in Sources */,
				D16D8D812C64A1FB00AF7677 /* SecondaryLabel.swift in Sources */,
				D11D80552C65947300EB8680 /* ViewModelType.swift in Sources */,
				D11D80702C66018C00EB8680 /* SavedSoftwareViewModel.swift in Sources */,
				D11D805F2C65E5A500EB8680 /* UserDefaultsManager.swift in Sources */,
				D11D806C2C65FE2F00EB8680 /* SavedSoftwareViewController.swift in Sources */,
				D16D8D782C64995F00AF7677 /* SearchTableViewCell.swift in Sources */,
				D16D8D7E2C649C7D00AF7677 /* Extension+UIView.swift in Sources */,
				D16D8D8A2C64B35400AF7677 /* APIError.swift in Sources */,
				D11D80652C65E9EA00EB8680 /* SearchListCollectionViewCell.swift in Sources */,
			);
			runOnlyForDeploymentPostprocessing = 0;
		};
/* End PBXSourcesBuildPhase section */

/* Begin PBXVariantGroup section */
		D16D8D562C6485AD00AF7677 /* LaunchScreen.storyboard */ = {
			isa = PBXVariantGroup;
			children = (
				D16D8D572C6485AD00AF7677 /* Base */,
			);
			name = LaunchScreen.storyboard;
			sourceTree = "<group>";
		};
/* End PBXVariantGroup section */

/* Begin XCBuildConfiguration section */
		D16D8D5A2C6485AD00AF7677 /* Debug */ = {
			isa = XCBuildConfiguration;
			buildSettings = {
				ALWAYS_SEARCH_USER_PATHS = NO;
				ASSETCATALOG_COMPILER_GENERATE_SWIFT_ASSET_SYMBOL_EXTENSIONS = YES;
				CLANG_ANALYZER_NONNULL = YES;
				CLANG_ANALYZER_NUMBER_OBJECT_CONVERSION = YES_AGGRESSIVE;
				CLANG_CXX_LANGUAGE_STANDARD = "gnu++20";
				CLANG_ENABLE_MODULES = YES;
				CLANG_ENABLE_OBJC_ARC = YES;
				CLANG_ENABLE_OBJC_WEAK = YES;
				CLANG_WARN_BLOCK_CAPTURE_AUTORELEASING = YES;
				CLANG_WARN_BOOL_CONVERSION = YES;
				CLANG_WARN_COMMA = YES;
				CLANG_WARN_CONSTANT_CONVERSION = YES;
				CLANG_WARN_DEPRECATED_OBJC_IMPLEMENTATIONS = YES;
				CLANG_WARN_DIRECT_OBJC_ISA_USAGE = YES_ERROR;
				CLANG_WARN_DOCUMENTATION_COMMENTS = YES;
				CLANG_WARN_EMPTY_BODY = YES;
				CLANG_WARN_ENUM_CONVERSION = YES;
				CLANG_WARN_INFINITE_RECURSION = YES;
				CLANG_WARN_INT_CONVERSION = YES;
				CLANG_WARN_NON_LITERAL_NULL_CONVERSION = YES;
				CLANG_WARN_OBJC_IMPLICIT_RETAIN_SELF = YES;
				CLANG_WARN_OBJC_LITERAL_CONVERSION = YES;
				CLANG_WARN_OBJC_ROOT_CLASS = YES_ERROR;
				CLANG_WARN_QUOTED_INCLUDE_IN_FRAMEWORK_HEADER = YES;
				CLANG_WARN_RANGE_LOOP_ANALYSIS = YES;
				CLANG_WARN_STRICT_PROTOTYPES = YES;
				CLANG_WARN_SUSPICIOUS_MOVE = YES;
				CLANG_WARN_UNGUARDED_AVAILABILITY = YES_AGGRESSIVE;
				CLANG_WARN_UNREACHABLE_CODE = YES;
				CLANG_WARN__DUPLICATE_METHOD_MATCH = YES;
				COPY_PHASE_STRIP = NO;
				DEBUG_INFORMATION_FORMAT = dwarf;
				ENABLE_STRICT_OBJC_MSGSEND = YES;
				ENABLE_TESTABILITY = YES;
				ENABLE_USER_SCRIPT_SANDBOXING = YES;
				GCC_C_LANGUAGE_STANDARD = gnu17;
				GCC_DYNAMIC_NO_PIC = NO;
				GCC_NO_COMMON_BLOCKS = YES;
				GCC_OPTIMIZATION_LEVEL = 0;
				GCC_PREPROCESSOR_DEFINITIONS = (
					"DEBUG=1",
					"$(inherited)",
				);
				GCC_WARN_64_TO_32_BIT_CONVERSION = YES;
				GCC_WARN_ABOUT_RETURN_TYPE = YES_ERROR;
				GCC_WARN_UNDECLARED_SELECTOR = YES;
				GCC_WARN_UNINITIALIZED_AUTOS = YES_AGGRESSIVE;
				GCC_WARN_UNUSED_FUNCTION = YES;
				GCC_WARN_UNUSED_VARIABLE = YES;
				IPHONEOS_DEPLOYMENT_TARGET = 17.5;
				LOCALIZATION_PREFERS_STRING_CATALOGS = YES;
				MTL_ENABLE_DEBUG_INFO = INCLUDE_SOURCE;
				MTL_FAST_MATH = YES;
				ONLY_ACTIVE_ARCH = YES;
				SDKROOT = iphoneos;
				SWIFT_ACTIVE_COMPILATION_CONDITIONS = "DEBUG $(inherited)";
				SWIFT_OPTIMIZATION_LEVEL = "-Onone";
			};
			name = Debug;
		};
		D16D8D5B2C6485AD00AF7677 /* Release */ = {
			isa = XCBuildConfiguration;
			buildSettings = {
				ALWAYS_SEARCH_USER_PATHS = NO;
				ASSETCATALOG_COMPILER_GENERATE_SWIFT_ASSET_SYMBOL_EXTENSIONS = YES;
				CLANG_ANALYZER_NONNULL = YES;
				CLANG_ANALYZER_NUMBER_OBJECT_CONVERSION = YES_AGGRESSIVE;
				CLANG_CXX_LANGUAGE_STANDARD = "gnu++20";
				CLANG_ENABLE_MODULES = YES;
				CLANG_ENABLE_OBJC_ARC = YES;
				CLANG_ENABLE_OBJC_WEAK = YES;
				CLANG_WARN_BLOCK_CAPTURE_AUTORELEASING = YES;
				CLANG_WARN_BOOL_CONVERSION = YES;
				CLANG_WARN_COMMA = YES;
				CLANG_WARN_CONSTANT_CONVERSION = YES;
				CLANG_WARN_DEPRECATED_OBJC_IMPLEMENTATIONS = YES;
				CLANG_WARN_DIRECT_OBJC_ISA_USAGE = YES_ERROR;
				CLANG_WARN_DOCUMENTATION_COMMENTS = YES;
				CLANG_WARN_EMPTY_BODY = YES;
				CLANG_WARN_ENUM_CONVERSION = YES;
				CLANG_WARN_INFINITE_RECURSION = YES;
				CLANG_WARN_INT_CONVERSION = YES;
				CLANG_WARN_NON_LITERAL_NULL_CONVERSION = YES;
				CLANG_WARN_OBJC_IMPLICIT_RETAIN_SELF = YES;
				CLANG_WARN_OBJC_LITERAL_CONVERSION = YES;
				CLANG_WARN_OBJC_ROOT_CLASS = YES_ERROR;
				CLANG_WARN_QUOTED_INCLUDE_IN_FRAMEWORK_HEADER = YES;
				CLANG_WARN_RANGE_LOOP_ANALYSIS = YES;
				CLANG_WARN_STRICT_PROTOTYPES = YES;
				CLANG_WARN_SUSPICIOUS_MOVE = YES;
				CLANG_WARN_UNGUARDED_AVAILABILITY = YES_AGGRESSIVE;
				CLANG_WARN_UNREACHABLE_CODE = YES;
				CLANG_WARN__DUPLICATE_METHOD_MATCH = YES;
				COPY_PHASE_STRIP = NO;
				DEBUG_INFORMATION_FORMAT = "dwarf-with-dsym";
				ENABLE_NS_ASSERTIONS = NO;
				ENABLE_STRICT_OBJC_MSGSEND = YES;
				ENABLE_USER_SCRIPT_SANDBOXING = YES;
				GCC_C_LANGUAGE_STANDARD = gnu17;
				GCC_NO_COMMON_BLOCKS = YES;
				GCC_WARN_64_TO_32_BIT_CONVERSION = YES;
				GCC_WARN_ABOUT_RETURN_TYPE = YES_ERROR;
				GCC_WARN_UNDECLARED_SELECTOR = YES;
				GCC_WARN_UNINITIALIZED_AUTOS = YES_AGGRESSIVE;
				GCC_WARN_UNUSED_FUNCTION = YES;
				GCC_WARN_UNUSED_VARIABLE = YES;
				IPHONEOS_DEPLOYMENT_TARGET = 17.5;
				LOCALIZATION_PREFERS_STRING_CATALOGS = YES;
				MTL_ENABLE_DEBUG_INFO = NO;
				MTL_FAST_MATH = YES;
				SDKROOT = iphoneos;
				SWIFT_COMPILATION_MODE = wholemodule;
				VALIDATE_PRODUCT = YES;
			};
			name = Release;
		};
		D16D8D5D2C6485AD00AF7677 /* Debug */ = {
			isa = XCBuildConfiguration;
			buildSettings = {
				ASSETCATALOG_COMPILER_APPICON_NAME = AppIcon;
				ASSETCATALOG_COMPILER_GLOBAL_ACCENT_COLOR_NAME = AccentColor;
				CODE_SIGN_STYLE = Automatic;
				CURRENT_PROJECT_VERSION = 1;
				GENERATE_INFOPLIST_FILE = YES;
				INFOPLIST_FILE = iTunes/Info.plist;
				INFOPLIST_KEY_CFBundleDisplayName = iTunesSearch;
				INFOPLIST_KEY_UIApplicationSupportsIndirectInputEvents = YES;
				INFOPLIST_KEY_UILaunchStoryboardName = LaunchScreen;
				INFOPLIST_KEY_UISupportedInterfaceOrientations = UIInterfaceOrientationPortrait;
				INFOPLIST_KEY_UISupportedInterfaceOrientations_iPad = "UIInterfaceOrientationLandscapeLeft UIInterfaceOrientationLandscapeRight UIInterfaceOrientationPortrait UIInterfaceOrientationPortraitUpsideDown";
				INFOPLIST_KEY_UIUserInterfaceStyle = Light;
				IPHONEOS_DEPLOYMENT_TARGET = 16.0;
				LD_RUNPATH_SEARCH_PATHS = (
					"$(inherited)",
					"@executable_path/Frameworks",
				);
				MARKETING_VERSION = 1.0;
				PRODUCT_BUNDLE_IDENTIFIER = Jo.iTunesSearch;
				PRODUCT_NAME = "$(TARGET_NAME)";
				SUPPORTED_PLATFORMS = "iphoneos iphonesimulator";
				SUPPORTS_MACCATALYST = NO;
				SUPPORTS_MAC_DESIGNED_FOR_IPHONE_IPAD = NO;
				SUPPORTS_XR_DESIGNED_FOR_IPHONE_IPAD = NO;
				SWIFT_EMIT_LOC_STRINGS = YES;
				SWIFT_VERSION = 5.0;
				TARGETED_DEVICE_FAMILY = 1;
			};
			name = Debug;
		};
		D16D8D5E2C6485AD00AF7677 /* Release */ = {
			isa = XCBuildConfiguration;
			buildSettings = {
				ASSETCATALOG_COMPILER_APPICON_NAME = AppIcon;
				ASSETCATALOG_COMPILER_GLOBAL_ACCENT_COLOR_NAME = AccentColor;
				CODE_SIGN_STYLE = Automatic;
				CURRENT_PROJECT_VERSION = 1;
				GENERATE_INFOPLIST_FILE = YES;
				INFOPLIST_FILE = iTunes/Info.plist;
				INFOPLIST_KEY_CFBundleDisplayName = iTunesSearch;
				INFOPLIST_KEY_UIApplicationSupportsIndirectInputEvents = YES;
				INFOPLIST_KEY_UILaunchStoryboardName = LaunchScreen;
				INFOPLIST_KEY_UISupportedInterfaceOrientations = UIInterfaceOrientationPortrait;
				INFOPLIST_KEY_UISupportedInterfaceOrientations_iPad = "UIInterfaceOrientationLandscapeLeft UIInterfaceOrientationLandscapeRight UIInterfaceOrientationPortrait UIInterfaceOrientationPortraitUpsideDown";
				INFOPLIST_KEY_UIUserInterfaceStyle = Light;
				IPHONEOS_DEPLOYMENT_TARGET = 16.0;
				LD_RUNPATH_SEARCH_PATHS = (
					"$(inherited)",
					"@executable_path/Frameworks",
				);
				MARKETING_VERSION = 1.0;
				PRODUCT_BUNDLE_IDENTIFIER = Jo.iTunesSearch;
				PRODUCT_NAME = "$(TARGET_NAME)";
				SUPPORTED_PLATFORMS = "iphoneos iphonesimulator";
				SUPPORTS_MACCATALYST = NO;
				SUPPORTS_MAC_DESIGNED_FOR_IPHONE_IPAD = NO;
				SUPPORTS_XR_DESIGNED_FOR_IPHONE_IPAD = NO;
				SWIFT_EMIT_LOC_STRINGS = YES;
				SWIFT_VERSION = 5.0;
				TARGETED_DEVICE_FAMILY = 1;
			};
			name = Release;
		};
/* End XCBuildConfiguration section */

/* Begin XCConfigurationList section */
		D16D8D432C6485AC00AF7677 /* Build configuration list for PBXProject "iTunes" */ = {
			isa = XCConfigurationList;
			buildConfigurations = (
				D16D8D5A2C6485AD00AF7677 /* Debug */,
				D16D8D5B2C6485AD00AF7677 /* Release */,
			);
			defaultConfigurationIsVisible = 0;
			defaultConfigurationName = Release;
		};
		D16D8D5C2C6485AD00AF7677 /* Build configuration list for PBXNativeTarget "iTunesSearch" */ = {
			isa = XCConfigurationList;
			buildConfigurations = (
				D16D8D5D2C6485AD00AF7677 /* Debug */,
				D16D8D5E2C6485AD00AF7677 /* Release */,
			);
			defaultConfigurationIsVisible = 0;
			defaultConfigurationName = Release;
		};
/* End XCConfigurationList section */

/* Begin XCRemoteSwiftPackageReference section */
		D16D8D5F2C648FED00AF7677 /* XCRemoteSwiftPackageReference "RxSwift" */ = {
			isa = XCRemoteSwiftPackageReference;
			repositoryURL = "https://github.com/ReactiveX/RxSwift.git";
			requirement = {
				kind = upToNextMajorVersion;
				minimumVersion = 6.7.1;
			};
		};
		D16D8D642C648FF700AF7677 /* XCRemoteSwiftPackageReference "SnapKit" */ = {
			isa = XCRemoteSwiftPackageReference;
			repositoryURL = "https://github.com/SnapKit/SnapKit.git";
			requirement = {
				kind = upToNextMajorVersion;
				minimumVersion = 5.7.1;
			};
		};
		D16D8D672C64908100AF7677 /* XCRemoteSwiftPackageReference "Kingfisher" */ = {
			isa = XCRemoteSwiftPackageReference;
			repositoryURL = "https://github.com/onevcat/Kingfisher.git";
			requirement = {
				kind = upToNextMajorVersion;
				minimumVersion = 7.12.0;
			};
		};
		D16D8D6A2C6490AE00AF7677 /* XCRemoteSwiftPackageReference "realm-swift" */ = {
			isa = XCRemoteSwiftPackageReference;
			repositoryURL = "https://github.com/realm/realm-swift.git";
			requirement = {
				kind = exactVersion;
				version = 10.52.2;
			};
		};
/* End XCRemoteSwiftPackageReference section */

/* Begin XCSwiftPackageProductDependency section */
		D16D8D602C648FED00AF7677 /* RxCocoa */ = {
			isa = XCSwiftPackageProductDependency;
			package = D16D8D5F2C648FED00AF7677 /* XCRemoteSwiftPackageReference "RxSwift" */;
			productName = RxCocoa;
		};
		D16D8D622C648FED00AF7677 /* RxSwift */ = {
			isa = XCSwiftPackageProductDependency;
			package = D16D8D5F2C648FED00AF7677 /* XCRemoteSwiftPackageReference "RxSwift" */;
			productName = RxSwift;
		};
		D16D8D652C648FF700AF7677 /* SnapKit */ = {
			isa = XCSwiftPackageProductDependency;
			package = D16D8D642C648FF700AF7677 /* XCRemoteSwiftPackageReference "SnapKit" */;
			productName = SnapKit;
		};
		D16D8D682C64908100AF7677 /* Kingfisher */ = {
			isa = XCSwiftPackageProductDependency;
			package = D16D8D672C64908100AF7677 /* XCRemoteSwiftPackageReference "Kingfisher" */;
			productName = Kingfisher;
		};
		D16D8D6B2C6490AE00AF7677 /* RealmSwift */ = {
			isa = XCSwiftPackageProductDependency;
			package = D16D8D6A2C6490AE00AF7677 /* XCRemoteSwiftPackageReference "realm-swift" */;
			productName = RealmSwift;
		};
/* End XCSwiftPackageProductDependency section */
	};
	rootObject = D16D8D402C6485AC00AF7677 /* Project object */;
}
